
Microsoft Visual Studio Solution File, Format Version 12.00
# Visual Studio Version 16
VisualStudioVersion = 16.0.31112.23
MinimumVisualStudioVersion = 10.0.40219.1
Project("{FAE04EC0-301F-11D3-BF4B-00C04F79EFBC}") = "InAndOut", "InAndOut\InAndOut.csproj", "{0DF3671F-7148-4B27-B4AD-6A75BAE1816F}"
EndProject
Global
	GlobalSection(SolutionConfigurationPlatforms) = preSolution
		Debug|Any CPU = Debug|Any CPU
		Release|Any CPU = Release|Any CPU
	EndGlobalSection
	GlobalSection(ProjectConfigurationPlatforms) = postSolution
		{0DF3671F-7148-4B27-B4AD-6A75BAE1816F}.Debug|Any CPU.ActiveCfg = Debug|Any CPU
		{0DF3671F-7148-4B27-B4AD-6A75BAE1816F}.Debug|Any CPU.Build.0 = Debug|Any CPU
		{0DF3671F-7148-4B27-B4AD-6A75BAE1816F}.Release|Any CPU.ActiveCfg = Release|Any CPU
		{0DF3671F-7148-4B27-B4AD-6A75BAE1816F}.Release|Any CPU.Build.0 = Release|Any CPU
	EndGlobalSection
	GlobalSection(SolutionProperties) = preSolution
		HideSolutionNode = FALSE
	EndGlobalSection
	GlobalSection(ExtensibilityGlobals) = postSolution
		SolutionGuid = {87837748-2F3E-4EF0-BA9D-0B02AA164365}
	EndGlobalSection
EndGlobal
